// !$*UTF8*$!
{
	archiveVersion = 1;
	classes = {
	};
	objectVersion = 46;
	objects = {

/* Begin PBXBuildFile section */
		9FD9F5401CB2D21400C4D6D8 /* AppDelegate.swift in Sources */ = {isa = PBXBuildFile; fileRef = 9FD9F53F1CB2D21400C4D6D8 /* AppDelegate.swift */; };
		9FD9F5421CB2D21400C4D6D8 /* BreakoutViewController.swift in Sources */ = {isa = PBXBuildFile; fileRef = 9FD9F5411CB2D21400C4D6D8 /* BreakoutViewController.swift */; };
		9FD9F5451CB2D21400C4D6D8 /* Main.storyboard in Resources */ = {isa = PBXBuildFile; fileRef = 9FD9F5431CB2D21400C4D6D8 /* Main.storyboard */; };
		9FD9F5471CB2D21400C4D6D8 /* Assets.xcassets in Resources */ = {isa = PBXBuildFile; fileRef = 9FD9F5461CB2D21400C4D6D8 /* Assets.xcassets */; };
		9FD9F54A1CB2D21400C4D6D8 /* LaunchScreen.storyboard in Resources */ = {isa = PBXBuildFile; fileRef = 9FD9F5481CB2D21400C4D6D8 /* LaunchScreen.storyboard */; };
		9FD9F5521CB2D54500C4D6D8 /* BreakoutBehavior.swift in Sources */ = {isa = PBXBuildFile; fileRef = 9FD9F5511CB2D54500C4D6D8 /* BreakoutBehavior.swift */; };
/* End PBXBuildFile section */

/* Begin PBXFileReference section */
		9FD9F53C1CB2D21300C4D6D8 /* Breakout.app */ = {isa = PBXFileReference; explicitFileType = wrapper.application; includeInIndex = 0; path = Breakout.app; sourceTree = BUILT_PRODUCTS_DIR; };
		9FD9F53F1CB2D21400C4D6D8 /* AppDelegate.swift */ = {isa = PBXFileReference; lastKnownFileType = sourcecode.swift; path = AppDelegate.swift; sourceTree = "<group>"; };
		9FD9F5411CB2D21400C4D6D8 /* BreakoutViewController.swift */ = {isa = PBXFileReference; lastKnownFileType = sourcecode.swift; path = BreakoutViewController.swift; sourceTree = "<group>"; };
		9FD9F5441CB2D21400C4D6D8 /* Base */ = {isa = PBXFileReference; lastKnownFileType = file.storyboard; name = Base; path = Base.lproj/Main.storyboard; sourceTree = "<group>"; };
		9FD9F5461CB2D21400C4D6D8 /* Assets.xcassets */ = {isa = PBXFileReference; lastKnownFileType = folder.assetcatalog; path = Assets.xcassets; sourceTree = "<group>"; };
		9FD9F5491CB2D21400C4D6D8 /* Base */ = {isa = PBXFileReference; lastKnownFileType = file.storyboard; name = Base; path = Base.lproj/LaunchScreen.storyboard; sourceTree = "<group>"; };
		9FD9F54B1CB2D21400C4D6D8 /* Info.plist */ = {isa = PBXFileReference; lastKnownFileType = text.plist.xml; path = Info.plist; sourceTree = "<group>"; };
		9FD9F5511CB2D54500C4D6D8 /* BreakoutBehavior.swift */ = {isa = PBXFileReference; fileEncoding = 4; lastKnownFileType = sourcecode.swift; path = BreakoutBehavior.swift; sourceTree = "<group>"; };
/* End PBXFileReference section */

/* Begin PBXFrameworksBuildPhase section */
		9FD9F5391CB2D21300C4D6D8 /* Frameworks */ = {
			isa = PBXFrameworksBuildPhase;
			buildActionMask = 2147483647;
			files = (
			);
			runOnlyForDeploymentPostprocessing = 0;
		};
/* End PBXFrameworksBuildPhase section */

/* Begin PBXGroup section */
		9FD9F5331CB2D21300C4D6D8 = {
			isa = PBXGroup;
			children = (
				9FD9F53E1CB2D21400C4D6D8 /* Breakout */,
				9FD9F53D1CB2D21300C4D6D8 /* Products */,
			);
			sourceTree = "<group>";
		};
		9FD9F53D1CB2D21300C4D6D8 /* Products */ = {
			isa = PBXGroup;
			children = (
				9FD9F53C1CB2D21300C4D6D8 /* Breakout.app */,
			);
			name = Products;
			sourceTree = "<group>";
		};
		9FD9F53E1CB2D21400C4D6D8 /* Breakout */ = {
			isa = PBXGroup;
			children = (
				9FD9F53F1CB2D21400C4D6D8 /* AppDelegate.swift */,
				9FD9F5411CB2D21400C4D6D8 /* BreakoutViewController.swift */,
				9FD9F5511CB2D54500C4D6D8 /* BreakoutBehavior.swift */,
				9FD9F5431CB2D21400C4D6D8 /* Main.storyboard */,
				9FD9F5461CB2D21400C4D6D8 /* Assets.xcassets */,
				9FD9F5481CB2D21400C4D6D8 /* LaunchScreen.storyboard */,
				9FD9F54B1CB2D21400C4D6D8 /* Info.plist */,
			);
			path = Breakout;
			sourceTree = "<group>";
		};
/* End PBXGroup section */

/* Begin PBXNativeTarget section */
		9FD9F53B1CB2D21300C4D6D8 /* Breakout */ = {
			isa = PBXNativeTarget;
			buildConfigurationList = 9FD9F54E1CB2D21400C4D6D8 /* Build configuration list for PBXNativeTarget "Breakout" */;
			buildPhases = (
				9FD9F5381CB2D21300C4D6D8 /* Sources */,
				9FD9F5391CB2D21300C4D6D8 /* Frameworks */,
				9FD9F53A1CB2D21300C4D6D8 /* Resources */,
			);
			buildRules = (
			);
			dependencies = (
			);
			name = Breakout;
			productName = Breakout;
			productReference = 9FD9F53C1CB2D21300C4D6D8 /* Breakout.app */;
			productType = "com.apple.product-type.application";
		};
/* End PBXNativeTarget section */

/* Begin PBXProject section */
		9FD9F5341CB2D21300C4D6D8 /* Project object */ = {
			isa = PBXProject;
			attributes = {
				LastSwiftUpdateCheck = 0730;
				LastUpgradeCheck = 0730;
				ORGANIZATIONNAME = "Junyang ma";
				TargetAttributes = {
					9FD9F53B1CB2D21300C4D6D8 = {
						CreatedOnToolsVersion = 7.3;
						DevelopmentTeam = 52XLC98QNC;
					};
				};
			};
			buildConfigurationList = 9FD9F5371CB2D21300C4D6D8 /* Build configuration list for PBXProject "Breakout" */;
			compatibilityVersion = "Xcode 3.2";
			developmentRegion = English;
			hasScannedForEncodings = 0;
			knownRegions = (
				en,
				Base,
			);
			mainGroup = 9FD9F5331CB2D21300C4D6D8;
			productRefGroup = 9FD9F53D1CB2D21300C4D6D8 /* Products */;
			projectDirPath = "";
			projectRoot = "";
			targets = (
				9FD9F53B1CB2D21300C4D6D8 /* Breakout */,
			);
		};
/* End PBXProject section */

/* Begin PBXResourcesBuildPhase section */
		9FD9F53A1CB2D21300C4D6D8 /* Resources */ = {
			isa = PBXResourcesBuildPhase;
			buildActionMask = 2147483647;
			files = (
				9FD9F54A1CB2D21400C4D6D8 /* LaunchScreen.storyboard in Resources */,
				9FD9F5471CB2D21400C4D6D8 /* Assets.xcassets in Resources */,
				9FD9F5451CB2D21400C4D6D8 /* Main.storyboard in Resources */,
			);
			runOnlyForDeploymentPostprocessing = 0;
		};
/* End PBXResourcesBuildPhase section */

/* Begin PBXSourcesBuildPhase section */
		9FD9F5381CB2D21300C4D6D8 /* Sources */ = {
			isa = PBXSourcesBuildPhase;
			buildActionMask = 2147483647;
			files = (
				9FD9F5521CB2D54500C4D6D8 /* BreakoutBehavior.swift in Sources */,
				9FD9F5421CB2D21400C4D6D8 /* BreakoutViewController.swift in Sources */,
				9FD9F5401CB2D21400C4D6D8 /* AppDelegate.swift in Sources */,
			);
			runOnlyForDeploymentPostprocessing = 0;
		};
/* End PBXSourcesBuildPhase section */

/* Begin PBXVariantGroup section */
		9FD9F5431CB2D21400C4D6D8 /* Main.storyboard */ = {
			isa = PBXVariantGroup;
			children = (
				9FD9F5441CB2D21400C4D6D8 /* Base */,
			);
			name = Main.storyboard;
			sourceTree = "<group>";
		};
		9FD9F5481CB2D21400C4D6D8 /* LaunchScreen.storyboard */ = {
			isa = PBXVariantGroup;
			children = (
				9FD9F5491CB2D21400C4D6D8 /* Base */,
			);
			name = LaunchScreen.storyboard;
			sourceTree = "<group>";
		};
/* End PBXVariantGroup section */

/* Begin XCBuildConfiguration section */
		9FD9F54C1CB2D21400C4D6D8 /* Debug */ = {
			isa = XCBuildConfiguration;
			buildSettings = {
				ALWAYS_SEARCH_USER_PATHS = NO;
				CLANG_ANALYZER_NONNULL = YES;
				CLANG_CXX_LANGUAGE_STANDARD = "gnu++0x";
				CLANG_CXX_LIBRARY = "libc++";
				CLANG_ENABLE_MODULES = YES;
				CLANG_ENABLE_OBJC_ARC = YES;
				CLANG_WARN_BOOL_CONVERSION = YES;
				CLANG_WARN_CONSTANT_CONVERSION = YES;
				CLANG_WARN_DIRECT_OBJC_ISA_USAGE = YES_ERROR;
				CLANG_WARN_EMPTY_BODY = YES;
				CLANG_WARN_ENUM_CONVERSION = YES;
				CLANG_WARN_INT_CONVERSION = YES;
				CLANG_WARN_OBJC_ROOT_CLASS = YES_ERROR;
				CLANG_WARN_UNREACHABLE_CODE = YES;
				CLANG_WARN__DUPLICATE_METHOD_MATCH = YES;
				"CODE_SIGN_IDENTITY[sdk=iphoneos*]" = "iPhone Developer";
				COPY_PHASE_STRIP = NO;
				DEBUG_INFORMATION_FORMAT = dwarf;
				ENABLE_STRICT_OBJC_MSGSEND = YES;
				ENABLE_TESTABILITY = YES;
				GCC_C_LANGUAGE_STANDARD = gnu99;
				GCC_DYNAMIC_NO_PIC = NO;
				GCC_NO_COMMON_BLOCKS = YES;
				GCC_OPTIMIZATION_LEVEL = 0;
				GCC_PREPROCESSOR_DEFINITIONS = (
					"DEBUG=1",
					"$(inherited)",
				);
				GCC_WARN_64_TO_32_BIT_CONVERSION = YES;
				GCC_WARN_ABOUT_RETURN_TYPE = YES_ERROR;
				GCC_WARN_UNDECLARED_SELECTOR = YES;
				GCC_WARN_UNINITIALIZED_AUTOS = YES_AGGRESSIVE;
				GCC_WARN_UNUSED_FUNCTION = YES;
				GCC_WARN_UNUSED_VARIABLE = YES;
				IPHONEOS_DEPLOYMENT_TARGET = 9.3;
				MTL_ENABLE_DEBUG_INFO = YES;
				ONLY_ACTIVE_ARCH = YES;
				SDKROOT = iphoneos;
				SWIFT_OPTIMIZATION_LEVEL = "-Onone";
			};
			name = Debug;
		};
		9FD9F54D1CB2D21400C4D6D8 /* Release */ = {
			isa = XCBuildConfiguration;
			buildSettings = {
				ALWAYS_SEARCH_USER_PATHS = NO;
				CLANG_ANALYZER_NONNULL = YES;
				CLANG_CXX_LANGUAGE_STANDARD = "gnu++0x";
				CLANG_CXX_LIBRARY = "libc++";
				CLANG_ENABLE_MODULES = YES;
				CLANG_ENABLE_OBJC_ARC = YES;
				CLANG_WARN_BOOL_CONVERSION = YES;
				CLANG_WARN_CONSTANT_CONVERSION = YES;
				CLANG_WARN_DIRECT_OBJC_ISA_USAGE = YES_ERROR;
				CLANG_WARN_EMPTY_BODY = YES;
				CLANG_WARN_ENUM_CONVERSION = YES;
				CLANG_WARN_INT_CONVERSION = YES;
				CLANG_WARN_OBJC_ROOT_CLASS = YES_ERROR;
				CLANG_WARN_UNREACHABLE_CODE = YES;
				CLANG_WARN__DUPLICATE_METHOD_MATCH = YES;
				"CODE_SIGN_IDENTITY[sdk=iphoneos*]" = "iPhone Developer";
				COPY_PHASE_STRIP = NO;
				DEBUG_INFORMATION_FORMAT = "dwarf-with-dsym";
				ENABLE_NS_ASSERTIONS = NO;
				ENABLE_STRICT_OBJC_MSGSEND = YES;
				GCC_C_LANGUAGE_STANDARD = gnu99;
				GCC_NO_COMMON_BLOCKS = YES;
				GCC_WARN_64_TO_32_BIT_CONVERSION = YES;
				GCC_WARN_ABOUT_RETURN_TYPE = YES_ERROR;
				GCC_WARN_UNDECLARED_SELECTOR = YES;
				GCC_WARN_UNINITIALIZED_AUTOS = YES_AGGRESSIVE;
				GCC_WARN_UNUSED_FUNCTION = YES;
				GCC_WARN_UNUSED_VARIABLE = YES;
				IPHONEOS_DEPLOYMENT_TARGET = 9.3;
				MTL_ENABLE_DEBUG_INFO = NO;
				SDKROOT = iphoneos;
				VALIDATE_PRODUCT = YES;
			};
			name = Release;
		};
		9FD9F54F1CB2D21400C4D6D8 /* Debug */ = {
			isa = XCBuildConfiguration;
			buildSettings = {
				ASSETCATALOG_COMPILER_APPICON_NAME = AppIcon;
				CODE_SIGN_IDENTITY = "iPhone Developer";
				"CODE_SIGN_IDENTITY[sdk=iphoneos*]" = "iPhone Developer";
				INFOPLIST_FILE = Breakout/Info.plist;
				LD_RUNPATH_SEARCH_PATHS = "$(inherited) @executable_path/Frameworks";
				PRODUCT_BUNDLE_IDENTIFIER = ie.ucd.cs.15203095.Breakout;
				PRODUCT_NAME = "$(TARGET_NAME)";
				PROVISIONING_PROFILE = "";
			};
			name = Debug;
		};
		9FD9F5501CB2D21400C4D6D8 /* Release */ = {
			isa = XCBuildConfiguration;
			buildSettings = {
				ASSETCATALOG_COMPILER_APPICON_NAME = AppIcon;
				CODE_SIGN_IDENTITY = "iPhone Developer";
				"CODE_SIGN_IDENTITY[sdk=iphoneos*]" = "iPhone Developer";
				INFOPLIST_FILE = Breakout/Info.plist;
				LD_RUNPATH_SEARCH_PATHS = "$(inherited) @executable_path/Frameworks";
				PRODUCT_BUNDLE_IDENTIFIER = ie.ucd.cs.15203095.Breakout;
				PRODUCT_NAME = "$(TARGET_NAME)";
				PROVISIONING_PROFILE = "";
			};
			name = Release;
		};
/* End XCBuildConfiguration section */

/* Begin XCConfigurationList section */
		9FD9F5371CB2D21300C4D6D8 /* Build configuration list for PBXProject "Breakout" */ = {
			isa = XCConfigurationList;
			buildConfigurations = (
				9FD9F54C1CB2D21400C4D6D8 /* Debug */,
				9FD9F54D1CB2D21400C4D6D8 /* Release */,
			);
			defaultConfigurationIsVisible = 0;
			defaultConfigurationName = Release;
		};
		9FD9F54E1CB2D21400C4D6D8 /* Build configuration list for PBXNativeTarget "Breakout" */ = {
			isa = XCConfigurationList;
			buildConfigurations = (
				9FD9F54F1CB2D21400C4D6D8 /* Debug */,
				9FD9F5501CB2D21400C4D6D8 /* Release */,
			);
			defaultConfigurationIsVisible = 0;
			defaultConfigurationName = Release;
		};
/* End XCConfigurationList section */
	};
	rootObject = 9FD9F5341CB2D21300C4D6D8 /* Project object */;
}
