// !$*UTF8*$!
{
	archiveVersion = 1;
	classes = {
	};
	objectVersion = 46;
	objects = {

/* Begin PBXBuildFile section */
		9F8022A41CC448370080A525 /* AppDelegate.swift in Sources */ = {isa = PBXBuildFile; fileRef = 9F8022A31CC448370080A525 /* AppDelegate.swift */; };
		9F8022A61CC448370080A525 /* ViewController.swift in Sources */ = {isa = PBXBuildFile; fileRef = 9F8022A51CC448370080A525 /* ViewController.swift */; };
		9F8022A91CC448370080A525 /* Main.storyboard in Resources */ = {isa = PBXBuildFile; fileRef = 9F8022A71CC448370080A525 /* Main.storyboard */; };
		9F8022AB1CC448370080A525 /* Assets.xcassets in Resources */ = {isa = PBXBuildFile; fileRef = 9F8022AA1CC448370080A525 /* Assets.xcassets */; };
		9F8022AE1CC448370080A525 /* LaunchScreen.storyboard in Resources */ = {isa = PBXBuildFile; fileRef = 9F8022AC1CC448370080A525 /* LaunchScreen.storyboard */; };
/* End PBXBuildFile section */

/* Begin PBXFileReference section */
		9F8022A01CC448370080A525 /* BTReader.app */ = {isa = PBXFileReference; explicitFileType = wrapper.application; includeInIndex = 0; path = BTReader.app; sourceTree = BUILT_PRODUCTS_DIR; };
		9F8022A31CC448370080A525 /* AppDelegate.swift */ = {isa = PBXFileReference; lastKnownFileType = sourcecode.swift; path = AppDelegate.swift; sourceTree = "<group>"; };
		9F8022A51CC448370080A525 /* ViewController.swift */ = {isa = PBXFileReference; lastKnownFileType = sourcecode.swift; path = ViewController.swift; sourceTree = "<group>"; };
		9F8022A81CC448370080A525 /* Base */ = {isa = PBXFileReference; lastKnownFileType = file.storyboard; name = Base; path = Base.lproj/Main.storyboard; sourceTree = "<group>"; };
		9F8022AA1CC448370080A525 /* Assets.xcassets */ = {isa = PBXFileReference; lastKnownFileType = folder.assetcatalog; path = Assets.xcassets; sourceTree = "<group>"; };
		9F8022AD1CC448370080A525 /* Base */ = {isa = PBXFileReference; lastKnownFileType = file.storyboard; name = Base; path = Base.lproj/LaunchScreen.storyboard; sourceTree = "<group>"; };
		9F8022AF1CC448370080A525 /* Info.plist */ = {isa = PBXFileReference; lastKnownFileType = text.plist.xml; path = Info.plist; sourceTree = "<group>"; };
/* End PBXFileReference section */

/* Begin PBXFrameworksBuildPhase section */
		9F80229D1CC448370080A525 /* Frameworks */ = {
			isa = PBXFrameworksBuildPhase;
			buildActionMask = 2147483647;
			files = (
			);
			runOnlyForDeploymentPostprocessing = 0;
		};
/* End PBXFrameworksBuildPhase section */

/* Begin PBXGroup section */
		9F8022971CC448370080A525 = {
			isa = PBXGroup;
			children = (
				9F8022A21CC448370080A525 /* BTReader */,
				9F8022A11CC448370080A525 /* Products */,
			);
			sourceTree = "<group>";
		};
		9F8022A11CC448370080A525 /* Products */ = {
			isa = PBXGroup;
			children = (
				9F8022A01CC448370080A525 /* BTReader.app */,
			);
			name = Products;
			sourceTree = "<group>";
		};
		9F8022A21CC448370080A525 /* BTReader */ = {
			isa = PBXGroup;
			children = (
				9F8022A31CC448370080A525 /* AppDelegate.swift */,
				9F8022A51CC448370080A525 /* ViewController.swift */,
				9F8022A71CC448370080A525 /* Main.storyboard */,
				9F8022AA1CC448370080A525 /* Assets.xcassets */,
				9F8022AC1CC448370080A525 /* LaunchScreen.storyboard */,
				9F8022AF1CC448370080A525 /* Info.plist */,
			);
			path = BTReader;
			sourceTree = "<group>";
		};
/* End PBXGroup section */

/* Begin PBXNativeTarget section */
		9F80229F1CC448370080A525 /* BTReader */ = {
			isa = PBXNativeTarget;
			buildConfigurationList = 9F8022B21CC448370080A525 /* Build configuration list for PBXNativeTarget "BTReader" */;
			buildPhases = (
				9F80229C1CC448370080A525 /* Sources */,
				9F80229D1CC448370080A525 /* Frameworks */,
				9F80229E1CC448370080A525 /* Resources */,
			);
			buildRules = (
			);
			dependencies = (
			);
			name = BTReader;
			productName = BTReader;
			productReference = 9F8022A01CC448370080A525 /* BTReader.app */;
			productType = "com.apple.product-type.application";
		};
/* End PBXNativeTarget section */

/* Begin PBXProject section */
		9F8022981CC448370080A525 /* Project object */ = {
			isa = PBXProject;
			attributes = {
				LastSwiftUpdateCheck = 0730;
				LastUpgradeCheck = 0730;
				ORGANIZATIONNAME = "Junyang ma";
				TargetAttributes = {
					9F80229F1CC448370080A525 = {
						CreatedOnToolsVersion = 7.3;
						DevelopmentTeam = 52XLC98QNC;
					};
				};
			};
			buildConfigurationList = 9F80229B1CC448370080A525 /* Build configuration list for PBXProject "BTReader" */;
			compatibilityVersion = "Xcode 3.2";
			developmentRegion = English;
			hasScannedForEncodings = 0;
			knownRegions = (
				en,
				Base,
			);
			mainGroup = 9F8022971CC448370080A525;
			productRefGroup = 9F8022A11CC448370080A525 /* Products */;
			projectDirPath = "";
			projectRoot = "";
			targets = (
				9F80229F1CC448370080A525 /* BTReader */,
			);
		};
/* End PBXProject section */

/* Begin PBXResourcesBuildPhase section */
		9F80229E1CC448370080A525 /* Resources */ = {
			isa = PBXResourcesBuildPhase;
			buildActionMask = 2147483647;
			files = (
				9F8022AE1CC448370080A525 /* LaunchScreen.storyboard in Resources */,
				9F8022AB1CC448370080A525 /* Assets.xcassets in Resources */,
				9F8022A91CC448370080A525 /* Main.storyboard in Resources */,
			);
			runOnlyForDeploymentPostprocessing = 0;
		};
/* End PBXResourcesBuildPhase section */

/* Begin PBXSourcesBuildPhase section */
		9F80229C1CC448370080A525 /* Sources */ = {
			isa = PBXSourcesBuildPhase;
			buildActionMask = 2147483647;
			files = (
				9F8022A61CC448370080A525 /* ViewController.swift in Sources */,
				9F8022A41CC448370080A525 /* AppDelegate.swift in Sources */,
			);
			runOnlyForDeploymentPostprocessing = 0;
		};
/* End PBXSourcesBuildPhase section */

/* Begin PBXVariantGroup section */
		9F8022A71CC448370080A525 /* Main.storyboard */ = {
			isa = PBXVariantGroup;
			children = (
				9F8022A81CC448370080A525 /* Base */,
			);
			name = Main.storyboard;
			sourceTree = "<group>";
		};
		9F8022AC1CC448370080A525 /* LaunchScreen.storyboard */ = {
			isa = PBXVariantGroup;
			children = (
				9F8022AD1CC448370080A525 /* Base */,
			);
			name = LaunchScreen.storyboard;
			sourceTree = "<group>";
		};
/* End PBXVariantGroup section */

/* Begin XCBuildConfiguration section */
		9F8022B01CC448370080A525 /* Debug */ = {
			isa = XCBuildConfiguration;
			buildSettings = {
				ALWAYS_SEARCH_USER_PATHS = NO;
				CLANG_ANALYZER_NONNULL = YES;
				CLANG_CXX_LANGUAGE_STANDARD = "gnu++0x";
				CLANG_CXX_LIBRARY = "libc++";
				CLANG_ENABLE_MODULES = YES;
				CLANG_ENABLE_OBJC_ARC = YES;
				CLANG_WARN_BOOL_CONVERSION = YES;
				CLANG_WARN_CONSTANT_CONVERSION = YES;
				CLANG_WARN_DIRECT_OBJC_ISA_USAGE = YES_ERROR;
				CLANG_WARN_EMPTY_BODY = YES;
				CLANG_WARN_ENUM_CONVERSION = YES;
				CLANG_WARN_INT_CONVERSION = YES;
				CLANG_WARN_OBJC_ROOT_CLASS = YES_ERROR;
				CLANG_WARN_UNREACHABLE_CODE = YES;
				CLANG_WARN__DUPLICATE_METHOD_MATCH = YES;
				"CODE_SIGN_IDENTITY[sdk=iphoneos*]" = "iPhone Developer";
				COPY_PHASE_STRIP = NO;
				DEBUG_INFORMATION_FORMAT = dwarf;
				ENABLE_STRICT_OBJC_MSGSEND = YES;
				ENABLE_TESTABILITY = YES;
				GCC_C_LANGUAGE_STANDARD = gnu99;
				GCC_DYNAMIC_NO_PIC = NO;
				GCC_NO_COMMON_BLOCKS = YES;
				GCC_OPTIMIZATION_LEVEL = 0;
				GCC_PREPROCESSOR_DEFINITIONS = (
					"DEBUG=1",
					"$(inherited)",
				);
				GCC_WARN_64_TO_32_BIT_CONVERSION = YES;
				GCC_WARN_ABOUT_RETURN_TYPE = YES_ERROR;
				GCC_WARN_UNDECLARED_SELECTOR = YES;
				GCC_WARN_UNINITIALIZED_AUTOS = YES_AGGRESSIVE;
				GCC_WARN_UNUSED_FUNCTION = YES;
				GCC_WARN_UNUSED_VARIABLE = YES;
				IPHONEOS_DEPLOYMENT_TARGET = 9.3;
				MTL_ENABLE_DEBUG_INFO = YES;
				ONLY_ACTIVE_ARCH = YES;
				SDKROOT = iphoneos;
				SWIFT_OPTIMIZATION_LEVEL = "-Onone";
				TARGETED_DEVICE_FAMILY = "1,2";
			};
			name = Debug;
		};
		9F8022B11CC448370080A525 /* Release */ = {
			isa = XCBuildConfiguration;
			buildSettings = {
				ALWAYS_SEARCH_USER_PATHS = NO;
				CLANG_ANALYZER_NONNULL = YES;
				CLANG_CXX_LANGUAGE_STANDARD = "gnu++0x";
				CLANG_CXX_LIBRARY = "libc++";
				CLANG_ENABLE_MODULES = YES;
				CLANG_ENABLE_OBJC_ARC = YES;
				CLANG_WARN_BOOL_CONVERSION = YES;
				CLANG_WARN_CONSTANT_CONVERSION = YES;
				CLANG_WARN_DIRECT_OBJC_ISA_USAGE = YES_ERROR;
				CLANG_WARN_EMPTY_BODY = YES;
				CLANG_WARN_ENUM_CONVERSION = YES;
				CLANG_WARN_INT_CONVERSION = YES;
				CLANG_WARN_OBJC_ROOT_CLASS = YES_ERROR;
				CLANG_WARN_UNREACHABLE_CODE = YES;
				CLANG_WARN__DUPLICATE_METHOD_MATCH = YES;
				"CODE_SIGN_IDENTITY[sdk=iphoneos*]" = "iPhone Developer";
				COPY_PHASE_STRIP = NO;
				DEBUG_INFORMATION_FORMAT = "dwarf-with-dsym";
				ENABLE_NS_ASSERTIONS = NO;
				ENABLE_STRICT_OBJC_MSGSEND = YES;
				GCC_C_LANGUAGE_STANDARD = gnu99;
				GCC_NO_COMMON_BLOCKS = YES;
				GCC_WARN_64_TO_32_BIT_CONVERSION = YES;
				GCC_WARN_ABOUT_RETURN_TYPE = YES_ERROR;
				GCC_WARN_UNDECLARED_SELECTOR = YES;
				GCC_WARN_UNINITIALIZED_AUTOS = YES_AGGRESSIVE;
				GCC_WARN_UNUSED_FUNCTION = YES;
				GCC_WARN_UNUSED_VARIABLE = YES;
				IPHONEOS_DEPLOYMENT_TARGET = 9.3;
				MTL_ENABLE_DEBUG_INFO = NO;
				SDKROOT = iphoneos;
				TARGETED_DEVICE_FAMILY = "1,2";
				VALIDATE_PRODUCT = YES;
			};
			name = Release;
		};
		9F8022B31CC448370080A525 /* Debug */ = {
			isa = XCBuildConfiguration;
			buildSettings = {
				ASSETCATALOG_COMPILER_APPICON_NAME = AppIcon;
				INFOPLIST_FILE = BTReader/Info.plist;
				LD_RUNPATH_SEARCH_PATHS = "$(inherited) @executable_path/Frameworks";
				PRODUCT_BUNDLE_IDENTIFIER = ie.ucd.cs.15203095.BTReader;
				PRODUCT_NAME = "$(TARGET_NAME)";
			};
			name = Debug;
		};
		9F8022B41CC448370080A525 /* Release */ = {
			isa = XCBuildConfiguration;
			buildSettings = {
				ASSETCATALOG_COMPILER_APPICON_NAME = AppIcon;
				INFOPLIST_FILE = BTReader/Info.plist;
				LD_RUNPATH_SEARCH_PATHS = "$(inherited) @executable_path/Frameworks";
				PRODUCT_BUNDLE_IDENTIFIER = ie.ucd.cs.15203095.BTReader;
				PRODUCT_NAME = "$(TARGET_NAME)";
			};
			name = Release;
		};
/* End XCBuildConfiguration section */

/* Begin XCConfigurationList section */
		9F80229B1CC448370080A525 /* Build configuration list for PBXProject "BTReader" */ = {
			isa = XCConfigurationList;
			buildConfigurations = (
				9F8022B01CC448370080A525 /* Debug */,
				9F8022B11CC448370080A525 /* Release */,
			);
			defaultConfigurationIsVisible = 0;
			defaultConfigurationName = Release;
		};
		9F8022B21CC448370080A525 /* Build configuration list for PBXNativeTarget "BTReader" */ = {
			isa = XCConfigurationList;
			buildConfigurations = (
				9F8022B31CC448370080A525 /* Debug */,
				9F8022B41CC448370080A525 /* Release */,
			);
			defaultConfigurationIsVisible = 0;
		};
/* End XCConfigurationList section */
	};
	rootObject = 9F8022981CC448370080A525 /* Project object */;
}
